
Microsoft Visual Studio Solution File, Format Version 12.00
# Visual Studio Version 16
VisualStudioVersion = 16.0.31112.23
MinimumVisualStudioVersion = 10.0.40219.1
Project("{FAE04EC0-301F-11D3-BF4B-00C04F79EFBC}") = "WindowsFormsApp1", "WindowsFormsApp1\WindowsFormsApp1.csproj", "{D6909D16-92D6-4114-8128-3FE5AF557F56}"
EndProject
Global
	GlobalSection(SolutionConfigurationPlatforms) = preSolution
		Debug|Any CPU = Debug|Any CPU
		Release|Any CPU = Release|Any CPU
	EndGlobalSection
	GlobalSection(ProjectConfigurationPlatforms) = postSolution
		{D6909D16-92D6-4114-8128-3FE5AF557F56}.Debug|Any CPU.ActiveCfg = Debug|Any CPU
		{D6909D16-92D6-4114-8128-3FE5AF557F56}.Debug|Any CPU.Build.0 = Debug|Any CPU
		{D6909D16-92D6-4114-8128-3FE5AF557F56}.Release|Any CPU.ActiveCfg = Release|Any CPU
		{D6909D16-92D6-4114-8128-3FE5AF557F56}.Release|Any CPU.Build.0 = Release|Any CPU
	EndGlobalSection
	GlobalSection(SolutionProperties) = preSolution
		HideSolutionNode = FALSE
	EndGlobalSection
	GlobalSection(ExtensibilityGlobals) = postSolution
		SolutionGuid = {837145EE-E3D3-4312-AF7C-FB97EFE7471A}
	EndGlobalSection
EndGlobal
